// !$*UTF8*$!
{
	archiveVersion = 1;
	classes = {
	};
	objectVersion = 50;
	objects = {

/* Begin PBXBuildFile section */
		966FE26022EF11F70081EDC4 /* AppDelegate.swift in Sources */ = {isa = PBXBuildFile; fileRef = 966FE25F22EF11F70081EDC4 /* AppDelegate.swift */; };
		966FE26222EF11F70081EDC4 /* SceneDelegate.swift in Sources */ = {isa = PBXBuildFile; fileRef = 966FE26122EF11F70081EDC4 /* SceneDelegate.swift */; };
		966FE26422EF11F70081EDC4 /* ContentView.swift in Sources */ = {isa = PBXBuildFile; fileRef = 966FE26322EF11F70081EDC4 /* ContentView.swift */; };
		966FE26622EF11F80081EDC4 /* Assets.xcassets in Resources */ = {isa = PBXBuildFile; fileRef = 966FE26522EF11F80081EDC4 /* Assets.xcassets */; };
		966FE26922EF11F80081EDC4 /* Preview Assets.xcassets in Resources */ = {isa = PBXBuildFile; fileRef = 966FE26822EF11F80081EDC4 /* Preview Assets.xcassets */; };
		966FE26C22EF11F80081EDC4 /* LaunchScreen.storyboard in Resources */ = {isa = PBXBuildFile; fileRef = 966FE26A22EF11F80081EDC4 /* LaunchScreen.storyboard */; };
		966FE27722EF11F80081EDC4 /* LandmarksTests.swift in Sources */ = {isa = PBXBuildFile; fileRef = 966FE27622EF11F80081EDC4 /* LandmarksTests.swift */; };
		966FE28222EF11F80081EDC4 /* LandmarksUITests.swift in Sources */ = {isa = PBXBuildFile; fileRef = 966FE28122EF11F80081EDC4 /* LandmarksUITests.swift */; };
		966FE29022EF19F80081EDC4 /* CircleImage.swift in Sources */ = {isa = PBXBuildFile; fileRef = 966FE28F22EF19F80081EDC4 /* CircleImage.swift */; };
/* End PBXBuildFile section */

/* Begin PBXContainerItemProxy section */
		966FE27322EF11F80081EDC4 /* PBXContainerItemProxy */ = {
			isa = PBXContainerItemProxy;
			containerPortal = 966FE25422EF11F60081EDC4 /* Project object */;
			proxyType = 1;
			remoteGlobalIDString = 966FE25B22EF11F70081EDC4;
			remoteInfo = Landmarks;
		};
		966FE27E22EF11F80081EDC4 /* PBXContainerItemProxy */ = {
			isa = PBXContainerItemProxy;
			containerPortal = 966FE25422EF11F60081EDC4 /* Project object */;
			proxyType = 1;
			remoteGlobalIDString = 966FE25B22EF11F70081EDC4;
			remoteInfo = Landmarks;
		};
/* End PBXContainerItemProxy section */

/* Begin PBXFileReference section */
		966FE25C22EF11F70081EDC4 /* Landmarks.app */ = {isa = PBXFileReference; explicitFileType = wrapper.application; includeInIndex = 0; path = Landmarks.app; sourceTree = BUILT_PRODUCTS_DIR; };
		966FE25F22EF11F70081EDC4 /* AppDelegate.swift */ = {isa = PBXFileReference; lastKnownFileType = sourcecode.swift; path = AppDelegate.swift; sourceTree = "<group>"; };
		966FE26122EF11F70081EDC4 /* SceneDelegate.swift */ = {isa = PBXFileReference; lastKnownFileType = sourcecode.swift; path = SceneDelegate.swift; sourceTree = "<group>"; };
		966FE26322EF11F70081EDC4 /* ContentView.swift */ = {isa = PBXFileReference; lastKnownFileType = sourcecode.swift; path = ContentView.swift; sourceTree = "<group>"; };
		966FE26522EF11F80081EDC4 /* Assets.xcassets */ = {isa = PBXFileReference; lastKnownFileType = folder.assetcatalog; path = Assets.xcassets; sourceTree = "<group>"; };
		966FE26822EF11F80081EDC4 /* Preview Assets.xcassets */ = {isa = PBXFileReference; lastKnownFileType = folder.assetcatalog; path = "Preview Assets.xcassets"; sourceTree = "<group>"; };
		966FE26B22EF11F80081EDC4 /* Base */ = {isa = PBXFileReference; lastKnownFileType = file.storyboard; name = Base; path = Base.lproj/LaunchScreen.storyboard; sourceTree = "<group>"; };
		966FE26D22EF11F80081EDC4 /* Info.plist */ = {isa = PBXFileReference; lastKnownFileType = text.plist.xml; path = Info.plist; sourceTree = "<group>"; };
		966FE27222EF11F80081EDC4 /* LandmarksTests.xctest */ = {isa = PBXFileReference; explicitFileType = wrapper.cfbundle; includeInIndex = 0; path = LandmarksTests.xctest; sourceTree = BUILT_PRODUCTS_DIR; };
		966FE27622EF11F80081EDC4 /* LandmarksTests.swift */ = {isa = PBXFileReference; lastKnownFileType = sourcecode.swift; path = LandmarksTests.swift; sourceTree = "<group>"; };
		966FE27822EF11F80081EDC4 /* Info.plist */ = {isa = PBXFileReference; lastKnownFileType = text.plist.xml; path = Info.plist; sourceTree = "<group>"; };
		966FE27D22EF11F80081EDC4 /* LandmarksUITests.xctest */ = {isa = PBXFileReference; explicitFileType = wrapper.cfbundle; includeInIndex = 0; path = LandmarksUITests.xctest; sourceTree = BUILT_PRODUCTS_DIR; };
		966FE28122EF11F80081EDC4 /* LandmarksUITests.swift */ = {isa = PBXFileReference; lastKnownFileType = sourcecode.swift; path = LandmarksUITests.swift; sourceTree = "<group>"; };
		966FE28322EF11F80081EDC4 /* Info.plist */ = {isa = PBXFileReference; lastKnownFileType = text.plist.xml; path = Info.plist; sourceTree = "<group>"; };
		966FE28F22EF19F80081EDC4 /* CircleImage.swift */ = {isa = PBXFileReference; lastKnownFileType = sourcecode.swift; path = CircleImage.swift; sourceTree = "<group>"; };
/* End PBXFileReference section */

/* Begin PBXFrameworksBuildPhase section */
		966FE25922EF11F70081EDC4 /* Frameworks */ = {
			isa = PBXFrameworksBuildPhase;
			buildActionMask = 2147483647;
			files = (
			);
			runOnlyForDeploymentPostprocessing = 0;
		};
		966FE26F22EF11F80081EDC4 /* Frameworks */ = {
			isa = PBXFrameworksBuildPhase;
			buildActionMask = 2147483647;
			files = (
			);
			runOnlyForDeploymentPostprocessing = 0;
		};
		966FE27A22EF11F80081EDC4 /* Frameworks */ = {
			isa = PBXFrameworksBuildPhase;
			buildActionMask = 2147483647;
			files = (
			);
			runOnlyForDeploymentPostprocessing = 0;
		};
/* End PBXFrameworksBuildPhase section */

/* Begin PBXGroup section */
		966FE25322EF11F60081EDC4 = {
			isa = PBXGroup;
			children = (
				966FE25E22EF11F70081EDC4 /* Landmarks */,
				966FE27522EF11F80081EDC4 /* LandmarksTests */,
				966FE28022EF11F80081EDC4 /* LandmarksUITests */,
				966FE25D22EF11F70081EDC4 /* Products */,
			);
			sourceTree = "<group>";
		};
		966FE25D22EF11F70081EDC4 /* Products */ = {
			isa = PBXGroup;
			children = (
				966FE25C22EF11F70081EDC4 /* Landmarks.app */,
				966FE27222EF11F80081EDC4 /* LandmarksTests.xctest */,
				966FE27D22EF11F80081EDC4 /* LandmarksUITests.xctest */,
			);
			name = Products;
			sourceTree = "<group>";
		};
		966FE25E22EF11F70081EDC4 /* Landmarks */ = {
			isa = PBXGroup;
			children = (
				966FE25F22EF11F70081EDC4 /* AppDelegate.swift */,
				966FE26122EF11F70081EDC4 /* SceneDelegate.swift */,
				966FE26322EF11F70081EDC4 /* ContentView.swift */,
				966FE28F22EF19F80081EDC4 /* CircleImage.swift */,
				966FE26522EF11F80081EDC4 /* Assets.xcassets */,
				966FE26A22EF11F80081EDC4 /* LaunchScreen.storyboard */,
				966FE26D22EF11F80081EDC4 /* Info.plist */,
				966FE26722EF11F80081EDC4 /* Preview Content */,
			);
			path = Landmarks;
			sourceTree = "<group>";
		};
		966FE26722EF11F80081EDC4 /* Preview Content */ = {
			isa = PBXGroup;
			children = (
				966FE26822EF11F80081EDC4 /* Preview Assets.xcassets */,
			);
			path = "Preview Content";
			sourceTree = "<group>";
		};
		966FE27522EF11F80081EDC4 /* LandmarksTests */ = {
			isa = PBXGroup;
			children = (
				966FE27622EF11F80081EDC4 /* LandmarksTests.swift */,
				966FE27822EF11F80081EDC4 /* Info.plist */,
			);
			path = LandmarksTests;
			sourceTree = "<group>";
		};
		966FE28022EF11F80081EDC4 /* LandmarksUITests */ = {
			isa = PBXGroup;
			children = (
				966FE28122EF11F80081EDC4 /* LandmarksUITests.swift */,
				966FE28322EF11F80081EDC4 /* Info.plist */,
			);
			path = LandmarksUITests;
			sourceTree = "<group>";
		};
/* End PBXGroup section */

/* Begin PBXNativeTarget section */
		966FE25B22EF11F70081EDC4 /* Landmarks */ = {
			isa = PBXNativeTarget;
			buildConfigurationList = 966FE28622EF11F80081EDC4 /* Build configuration list for PBXNativeTarget "Landmarks" */;
			buildPhases = (
				966FE25822EF11F70081EDC4 /* Sources */,
				966FE25922EF11F70081EDC4 /* Frameworks */,
				966FE25A22EF11F70081EDC4 /* Resources */,
			);
			buildRules = (
			);
			dependencies = (
			);
			name = Landmarks;
			productName = Landmarks;
			productReference = 966FE25C22EF11F70081EDC4 /* Landmarks.app */;
			productType = "com.apple.product-type.application";
		};
		966FE27122EF11F80081EDC4 /* LandmarksTests */ = {
			isa = PBXNativeTarget;
			buildConfigurationList = 966FE28922EF11F80081EDC4 /* Build configuration list for PBXNativeTarget "LandmarksTests" */;
			buildPhases = (
				966FE26E22EF11F80081EDC4 /* Sources */,
				966FE26F22EF11F80081EDC4 /* Frameworks */,
				966FE27022EF11F80081EDC4 /* Resources */,
			);
			buildRules = (
			);
			dependencies = (
				966FE27422EF11F80081EDC4 /* PBXTargetDependency */,
			);
			name = LandmarksTests;
			productName = LandmarksTests;
			productReference = 966FE27222EF11F80081EDC4 /* LandmarksTests.xctest */;
			productType = "com.apple.product-type.bundle.unit-test";
		};
		966FE27C22EF11F80081EDC4 /* LandmarksUITests */ = {
			isa = PBXNativeTarget;
			buildConfigurationList = 966FE28C22EF11F80081EDC4 /* Build configuration list for PBXNativeTarget "LandmarksUITests" */;
			buildPhases = (
				966FE27922EF11F80081EDC4 /* Sources */,
				966FE27A22EF11F80081EDC4 /* Frameworks */,
				966FE27B22EF11F80081EDC4 /* Resources */,
			);
			buildRules = (
			);
			dependencies = (
				966FE27F22EF11F80081EDC4 /* PBXTargetDependency */,
			);
			name = LandmarksUITests;
			productName = LandmarksUITests;
			productReference = 966FE27D22EF11F80081EDC4 /* LandmarksUITests.xctest */;
			productType = "com.apple.product-type.bundle.ui-testing";
		};
/* End PBXNativeTarget section */

/* Begin PBXProject section */
		966FE25422EF11F60081EDC4 /* Project object */ = {
			isa = PBXProject;
			attributes = {
				LastSwiftUpdateCheck = 1100;
				LastUpgradeCheck = 1100;
				ORGANIZATIONNAME = "Kitwana Akil";
				TargetAttributes = {
					966FE25B22EF11F70081EDC4 = {
						CreatedOnToolsVersion = 11.0;
					};
					966FE27122EF11F80081EDC4 = {
						CreatedOnToolsVersion = 11.0;
						TestTargetID = 966FE25B22EF11F70081EDC4;
					};
					966FE27C22EF11F80081EDC4 = {
						CreatedOnToolsVersion = 11.0;
						TestTargetID = 966FE25B22EF11F70081EDC4;
					};
				};
			};
			buildConfigurationList = 966FE25722EF11F60081EDC4 /* Build configuration list for PBXProject "Landmarks" */;
			compatibilityVersion = "Xcode 9.3";
			developmentRegion = en;
			hasScannedForEncodings = 0;
			knownRegions = (
				en,
				Base,
			);
			mainGroup = 966FE25322EF11F60081EDC4;
			productRefGroup = 966FE25D22EF11F70081EDC4 /* Products */;
			projectDirPath = "";
			projectRoot = "";
			targets = (
				966FE25B22EF11F70081EDC4 /* Landmarks */,
				966FE27122EF11F80081EDC4 /* LandmarksTests */,
				966FE27C22EF11F80081EDC4 /* LandmarksUITests */,
			);
		};
/* End PBXProject section */

/* Begin PBXResourcesBuildPhase section */
		966FE25A22EF11F70081EDC4 /* Resources */ = {
			isa = PBXResourcesBuildPhase;
			buildActionMask = 2147483647;
			files = (
				966FE26C22EF11F80081EDC4 /* LaunchScreen.storyboard in Resources */,
				966FE26922EF11F80081EDC4 /* Preview Assets.xcassets in Resources */,
				966FE26622EF11F80081EDC4 /* Assets.xcassets in Resources */,
			);
			runOnlyForDeploymentPostprocessing = 0;
		};
		966FE27022EF11F80081EDC4 /* Resources */ = {
			isa = PBXResourcesBuildPhase;
			buildActionMask = 2147483647;
			files = (
			);
			runOnlyForDeploymentPostprocessing = 0;
		};
		966FE27B22EF11F80081EDC4 /* Resources */ = {
			isa = PBXResourcesBuildPhase;
			buildActionMask = 2147483647;
			files = (
			);
			runOnlyForDeploymentPostprocessing = 0;
		};
/* End PBXResourcesBuildPhase section */

/* Begin PBXSourcesBuildPhase section */
		966FE25822EF11F70081EDC4 /* Sources */ = {
			isa = PBXSourcesBuildPhase;
			buildActionMask = 2147483647;
			files = (
				966FE26022EF11F70081EDC4 /* AppDelegate.swift in Sources */,
				966FE29022EF19F80081EDC4 /* CircleImage.swift in Sources */,
				966FE26222EF11F70081EDC4 /* SceneDelegate.swift in Sources */,
				966FE26422EF11F70081EDC4 /* ContentView.swift in Sources */,
			);
			runOnlyForDeploymentPostprocessing = 0;
		};
		966FE26E22EF11F80081EDC4 /* Sources */ = {
			isa = PBXSourcesBuildPhase;
			buildActionMask = 2147483647;
			files = (
				966FE27722EF11F80081EDC4 /* LandmarksTests.swift in Sources */,
			);
			runOnlyForDeploymentPostprocessing = 0;
		};
		966FE27922EF11F80081EDC4 /* Sources */ = {
			isa = PBXSourcesBuildPhase;
			buildActionMask = 2147483647;
			files = (
				966FE28222EF11F80081EDC4 /* LandmarksUITests.swift in Sources */,
			);
			runOnlyForDeploymentPostprocessing = 0;
		};
/* End PBXSourcesBuildPhase section */

/* Begin PBXTargetDependency section */
		966FE27422EF11F80081EDC4 /* PBXTargetDependency */ = {
			isa = PBXTargetDependency;
			target = 966FE25B22EF11F70081EDC4 /* Landmarks */;
			targetProxy = 966FE27322EF11F80081EDC4 /* PBXContainerItemProxy */;
		};
		966FE27F22EF11F80081EDC4 /* PBXTargetDependency */ = {
			isa = PBXTargetDependency;
			target = 966FE25B22EF11F70081EDC4 /* Landmarks */;
			targetProxy = 966FE27E22EF11F80081EDC4 /* PBXContainerItemProxy */;
		};
/* End PBXTargetDependency section */

/* Begin PBXVariantGroup section */
		966FE26A22EF11F80081EDC4 /* LaunchScreen.storyboard */ = {
			isa = PBXVariantGroup;
			children = (
				966FE26B22EF11F80081EDC4 /* Base */,
			);
			name = LaunchScreen.storyboard;
			sourceTree = "<group>";
		};
/* End PBXVariantGroup section */

/* Begin XCBuildConfiguration section */
		966FE28422EF11F80081EDC4 /* Debug */ = {
			isa = XCBuildConfiguration;
			buildSettings = {
				ALWAYS_SEARCH_USER_PATHS = NO;
				CLANG_ANALYZER_NONNULL = YES;
				CLANG_ANALYZER_NUMBER_OBJECT_CONVERSION = YES_AGGRESSIVE;
				CLANG_CXX_LANGUAGE_STANDARD = "gnu++14";
				CLANG_CXX_LIBRARY = "libc++";
				CLANG_ENABLE_MODULES = YES;
				CLANG_ENABLE_OBJC_ARC = YES;
				CLANG_ENABLE_OBJC_WEAK = YES;
				CLANG_WARN_BLOCK_CAPTURE_AUTORELEASING = YES;
				CLANG_WARN_BOOL_CONVERSION = YES;
				CLANG_WARN_COMMA = YES;
				CLANG_WARN_CONSTANT_CONVERSION = YES;
				CLANG_WARN_DEPRECATED_OBJC_IMPLEMENTATIONS = YES;
				CLANG_WARN_DIRECT_OBJC_ISA_USAGE = YES_ERROR;
				CLANG_WARN_DOCUMENTATION_COMMENTS = YES;
				CLANG_WARN_EMPTY_BODY = YES;
				CLANG_WARN_ENUM_CONVERSION = YES;
				CLANG_WARN_INFINITE_RECURSION = YES;
				CLANG_WARN_INT_CONVERSION = YES;
				CLANG_WARN_NON_LITERAL_NULL_CONVERSION = YES;
				CLANG_WARN_OBJC_IMPLICIT_RETAIN_SELF = YES;
				CLANG_WARN_OBJC_LITERAL_CONVERSION = YES;
				CLANG_WARN_OBJC_ROOT_CLASS = YES_ERROR;
				CLANG_WARN_RANGE_LOOP_ANALYSIS = YES;
				CLANG_WARN_STRICT_PROTOTYPES = YES;
				CLANG_WARN_SUSPICIOUS_MOVE = YES;
				CLANG_WARN_UNGUARDED_AVAILABILITY = YES_AGGRESSIVE;
				CLANG_WARN_UNREACHABLE_CODE = YES;
				CLANG_WARN__DUPLICATE_METHOD_MATCH = YES;
				COPY_PHASE_STRIP = NO;
				DEBUG_INFORMATION_FORMAT = dwarf;
				ENABLE_STRICT_OBJC_MSGSEND = YES;
				ENABLE_TESTABILITY = YES;
				GCC_C_LANGUAGE_STANDARD = gnu11;
				GCC_DYNAMIC_NO_PIC = NO;
				GCC_NO_COMMON_BLOCKS = YES;
				GCC_OPTIMIZATION_LEVEL = 0;
				GCC_PREPROCESSOR_DEFINITIONS = (
					"DEBUG=1",
					"$(inherited)",
				);
				GCC_WARN_64_TO_32_BIT_CONVERSION = YES;
				GCC_WARN_ABOUT_RETURN_TYPE = YES_ERROR;
				GCC_WARN_UNDECLARED_SELECTOR = YES;
				GCC_WARN_UNINITIALIZED_AUTOS = YES_AGGRESSIVE;
				GCC_WARN_UNUSED_FUNCTION = YES;
				GCC_WARN_UNUSED_VARIABLE = YES;
				IPHONEOS_DEPLOYMENT_TARGET = 13.0;
				MTL_ENABLE_DEBUG_INFO = INCLUDE_SOURCE;
				MTL_FAST_MATH = YES;
				ONLY_ACTIVE_ARCH = YES;
				SDKROOT = iphoneos;
				SWIFT_ACTIVE_COMPILATION_CONDITIONS = DEBUG;
				SWIFT_OPTIMIZATION_LEVEL = "-Onone";
			};
			name = Debug;
		};
		966FE28522EF11F80081EDC4 /* Release */ = {
			isa = XCBuildConfiguration;
			buildSettings = {
				ALWAYS_SEARCH_USER_PATHS = NO;
				CLANG_ANALYZER_NONNULL = YES;
				CLANG_ANALYZER_NUMBER_OBJECT_CONVERSION = YES_AGGRESSIVE;
				CLANG_CXX_LANGUAGE_STANDARD = "gnu++14";
				CLANG_CXX_LIBRARY = "libc++";
				CLANG_ENABLE_MODULES = YES;
				CLANG_ENABLE_OBJC_ARC = YES;
				CLANG_ENABLE_OBJC_WEAK = YES;
				CLANG_WARN_BLOCK_CAPTURE_AUTORELEASING = YES;
				CLANG_WARN_BOOL_CONVERSION = YES;
				CLANG_WARN_COMMA = YES;
				CLANG_WARN_CONSTANT_CONVERSION = YES;
				CLANG_WARN_DEPRECATED_OBJC_IMPLEMENTATIONS = YES;
				CLANG_WARN_DIRECT_OBJC_ISA_USAGE = YES_ERROR;
				CLANG_WARN_DOCUMENTATION_COMMENTS = YES;
				CLANG_WARN_EMPTY_BODY = YES;
				CLANG_WARN_ENUM_CONVERSION = YES;
				CLANG_WARN_INFINITE_RECURSION = YES;
				CLANG_WARN_INT_CONVERSION = YES;
				CLANG_WARN_NON_LITERAL_NULL_CONVERSION = YES;
				CLANG_WARN_OBJC_IMPLICIT_RETAIN_SELF = YES;
				CLANG_WARN_OBJC_LITERAL_CONVERSION = YES;
				CLANG_WARN_OBJC_ROOT_CLASS = YES_ERROR;
				CLANG_WARN_RANGE_LOOP_ANALYSIS = YES;
				CLANG_WARN_STRICT_PROTOTYPES = YES;
				CLANG_WARN_SUSPICIOUS_MOVE = YES;
				CLANG_WARN_UNGUARDED_AVAILABILITY = YES_AGGRESSIVE;
				CLANG_WARN_UNREACHABLE_CODE = YES;
				CLANG_WARN__DUPLICATE_METHOD_MATCH = YES;
				COPY_PHASE_STRIP = NO;
				DEBUG_INFORMATION_FORMAT = "dwarf-with-dsym";
				ENABLE_NS_ASSERTIONS = NO;
				ENABLE_STRICT_OBJC_MSGSEND = YES;
				GCC_C_LANGUAGE_STANDARD = gnu11;
				GCC_NO_COMMON_BLOCKS = YES;
				GCC_WARN_64_TO_32_BIT_CONVERSION = YES;
				GCC_WARN_ABOUT_RETURN_TYPE = YES_ERROR;
				GCC_WARN_UNDECLARED_SELECTOR = YES;
				GCC_WARN_UNINITIALIZED_AUTOS = YES_AGGRESSIVE;
				GCC_WARN_UNUSED_FUNCTION = YES;
				GCC_WARN_UNUSED_VARIABLE = YES;
				IPHONEOS_DEPLOYMENT_TARGET = 13.0;
				MTL_ENABLE_DEBUG_INFO = NO;
				MTL_FAST_MATH = YES;
				SDKROOT = iphoneos;
				SWIFT_COMPILATION_MODE = wholemodule;
				SWIFT_OPTIMIZATION_LEVEL = "-O";
				VALIDATE_PRODUCT = YES;
			};
			name = Release;
		};
		966FE28722EF11F80081EDC4 /* Debug */ = {
			isa = XCBuildConfiguration;
			buildSettings = {
				ASSETCATALOG_COMPILER_APPICON_NAME = AppIcon;
				CODE_SIGN_STYLE = Automatic;
				DEVELOPMENT_ASSET_PATHS = "Landmarks/Preview\\ Content";
				DEVELOPMENT_TEAM = 87UE3VP6P2;
				ENABLE_PREVIEWS = YES;
				INFOPLIST_FILE = Landmarks/Info.plist;
				LD_RUNPATH_SEARCH_PATHS = (
					"$(inherited)",
					"@executable_path/Frameworks",
				);
				PRODUCT_BUNDLE_IDENTIFIER = itelinc.com.Landmarks;
				PRODUCT_NAME = "$(TARGET_NAME)";
				SWIFT_VERSION = 5.0;
				TARGETED_DEVICE_FAMILY = "1,2";
			};
			name = Debug;
		};
		966FE28822EF11F80081EDC4 /* Release */ = {
			isa = XCBuildConfiguration;
			buildSettings = {
				ASSETCATALOG_COMPILER_APPICON_NAME = AppIcon;
				CODE_SIGN_STYLE = Automatic;
				DEVELOPMENT_ASSET_PATHS = "Landmarks/Preview\\ Content";
				DEVELOPMENT_TEAM = 87UE3VP6P2;
				ENABLE_PREVIEWS = YES;
				INFOPLIST_FILE = Landmarks/Info.plist;
				LD_RUNPATH_SEARCH_PATHS = (
					"$(inherited)",
					"@executable_path/Frameworks",
				);
				PRODUCT_BUNDLE_IDENTIFIER = itelinc.com.Landmarks;
				PRODUCT_NAME = "$(TARGET_NAME)";
				SWIFT_VERSION = 5.0;
				TARGETED_DEVICE_FAMILY = "1,2";
			};
			name = Release;
		};
		966FE28A22EF11F80081EDC4 /* Debug */ = {
			isa = XCBuildConfiguration;
			buildSettings = {
				ALWAYS_EMBED_SWIFT_STANDARD_LIBRARIES = YES;
				BUNDLE_LOADER = "$(TEST_HOST)";
				CODE_SIGN_STYLE = Automatic;
				DEVELOPMENT_TEAM = 87UE3VP6P2;
				INFOPLIST_FILE = LandmarksTests/Info.plist;
				LD_RUNPATH_SEARCH_PATHS = (
					"$(inherited)",
					"@executable_path/Frameworks",
					"@loader_path/Frameworks",
				);
				PRODUCT_BUNDLE_IDENTIFIER = itelinc.com.LandmarksTests;
				PRODUCT_NAME = "$(TARGET_NAME)";
				SWIFT_VERSION = 5.0;
				TARGETED_DEVICE_FAMILY = "1,2";
				TEST_HOST = "$(BUILT_PRODUCTS_DIR)/Landmarks.app/Landmarks";
			};
			name = Debug;
		};
		966FE28B22EF11F80081EDC4 /* Release */ = {
			isa = XCBuildConfiguration;
			buildSettings = {
				ALWAYS_EMBED_SWIFT_STANDARD_LIBRARIES = YES;
				BUNDLE_LOADER = "$(TEST_HOST)";
				CODE_SIGN_STYLE = Automatic;
				DEVELOPMENT_TEAM = 87UE3VP6P2;
				INFOPLIST_FILE = LandmarksTests/Info.plist;
				LD_RUNPATH_SEARCH_PATHS = (
					"$(inherited)",
					"@executable_path/Frameworks",
					"@loader_path/Frameworks",
				);
				PRODUCT_BUNDLE_IDENTIFIER = itelinc.com.LandmarksTests;
				PRODUCT_NAME = "$(TARGET_NAME)";
				SWIFT_VERSION = 5.0;
				TARGETED_DEVICE_FAMILY = "1,2";
				TEST_HOST = "$(BUILT_PRODUCTS_DIR)/Landmarks.app/Landmarks";
			};
			name = Release;
		};
		966FE28D22EF11F80081EDC4 /* Debug */ = {
			isa = XCBuildConfiguration;
			buildSettings = {
				ALWAYS_EMBED_SWIFT_STANDARD_LIBRARIES = YES;
				CODE_SIGN_STYLE = Automatic;
				DEVELOPMENT_TEAM = 87UE3VP6P2;
				INFOPLIST_FILE = LandmarksUITests/Info.plist;
				LD_RUNPATH_SEARCH_PATHS = (
					"$(inherited)",
					"@executable_path/Frameworks",
					"@loader_path/Frameworks",
				);
				PRODUCT_BUNDLE_IDENTIFIER = itelinc.com.LandmarksUITests;
				PRODUCT_NAME = "$(TARGET_NAME)";
				SWIFT_VERSION = 5.0;
				TARGETED_DEVICE_FAMILY = "1,2";
				TEST_TARGET_NAME = Landmarks;
			};
			name = Debug;
		};
		966FE28E22EF11F80081EDC4 /* Release */ = {
			isa = XCBuildConfiguration;
			buildSettings = {
				ALWAYS_EMBED_SWIFT_STANDARD_LIBRARIES = YES;
				CODE_SIGN_STYLE = Automatic;
				DEVELOPMENT_TEAM = 87UE3VP6P2;
				INFOPLIST_FILE = LandmarksUITests/Info.plist;
				LD_RUNPATH_SEARCH_PATHS = (
					"$(inherited)",
					"@executable_path/Frameworks",
					"@loader_path/Frameworks",
				);
				PRODUCT_BUNDLE_IDENTIFIER = itelinc.com.LandmarksUITests;
				PRODUCT_NAME = "$(TARGET_NAME)";
				SWIFT_VERSION = 5.0;
				TARGETED_DEVICE_FAMILY = "1,2";
				TEST_TARGET_NAME = Landmarks;
			};
			name = Release;
		};
/* End XCBuildConfiguration section */

/* Begin XCConfigurationList section */
		966FE25722EF11F60081EDC4 /* Build configuration list for PBXProject "Landmarks" */ = {
			isa = XCConfigurationList;
			buildConfigurations = (
				966FE28422EF11F80081EDC4 /* Debug */,
				966FE28522EF11F80081EDC4 /* Release */,
			);
			defaultConfigurationIsVisible = 0;
			defaultConfigurationName = Release;
		};
		966FE28622EF11F80081EDC4 /* Build configuration list for PBXNativeTarget "Landmarks" */ = {
			isa = XCConfigurationList;
			buildConfigurations = (
				966FE28722EF11F80081EDC4 /* Debug */,
				966FE28822EF11F80081EDC4 /* Release */,
			);
			defaultConfigurationIsVisible = 0;
			defaultConfigurationName = Release;
		};
		966FE28922EF11F80081EDC4 /* Build configuration list for PBXNativeTarget "LandmarksTests" */ = {
			isa = XCConfigurationList;
			buildConfigurations = (
				966FE28A22EF11F80081EDC4 /* Debug */,
				966FE28B22EF11F80081EDC4 /* Release */,
			);
			defaultConfigurationIsVisible = 0;
			defaultConfigurationName = Release;
		};
		966FE28C22EF11F80081EDC4 /* Build configuration list for PBXNativeTarget "LandmarksUITests" */ = {
			isa = XCConfigurationList;
			buildConfigurations = (
				966FE28D22EF11F80081EDC4 /* Debug */,
				966FE28E22EF11F80081EDC4 /* Release */,
			);
			defaultConfigurationIsVisible = 0;
			defaultConfigurationName = Release;
		};
/* End XCConfigurationList section */
	};
	rootObject = 966FE25422EF11F60081EDC4 /* Project object */;
}
